<?xml version="1.0" encoding="utf-8"?>
<Project ToolsVersion="4.0" xmlns="http://schemas.microsoft.com/developer/msbuild/2003">
  <ItemGroup>
    <Filter Include="源文件">
      <UniqueIdentifier>{4FC737F1-C7A5-4376-A066-2A32D752A2FF}</UniqueIdentifier>
      <Extensions>cpp;c;cc;cxx;def;odl;idl;hpj;bat;asm;asmx</Extensions>
    </Filter>
    <Filter Include="头文件">
      <UniqueIdentifier>{93995380-89BD-4b04-88EB-625FBE52EBFB}</UniqueIdentifier>
      <Extensions>h;hh;hpp;hxx;hm;inl;inc;xsd</Extensions>
    </Filter>
    <Filter Include="资源文件">
      <UniqueIdentifier>{67DA6AB6-F800-4c08-8B7A-83BB121AAD01}</UniqueIdentifier>
      <Extensions>rc;ico;cur;bmp;dlg;rc2;rct;bin;rgs;gif;jpg;jpeg;jpe;resx;tiff;tif;png;wav;mfcribbon-ms</Extensions>
    </Filter>
    <Filter Include="源文件\Device">
      <UniqueIdentifier>{ced762a4-4c2e-44d8-a9b1-87f9f349e522}</UniqueIdentifier>
    </Filter>
    <Filter Include="头文件\Device">
      <UniqueIdentifier>{c02aefd3-baa6-44ad-8eb3-0543d4116294}</UniqueIdentifier>
    </Filter>
    <Filter Include="头文件\App">
      <UniqueIdentifier>{48520571-b2d9-421e-bf15-4a0035e952fa}</UniqueIdentifier>
    </Filter>
    <Filter Include="源文件\App">
      <UniqueIdentifier>{e24478e5-74b3-4e45-9994-52c7d005d636}</UniqueIdentifier>
    </Filter>
    <Filter Include="头文件\计算">
      <UniqueIdentifier>{dd9b880e-f3aa-4622-82e0-ec4bc982d850}</UniqueIdentifier>
    </Filter>
    <Filter Include="头文件\计算\Power">
      <UniqueIdentifier>{2ff925a9-833d-4045-9f22-ddec05fe5516}</UniqueIdentifier>
    </Filter>
    <Filter Include="头文件\计算\Math">
      <UniqueIdentifier>{5da18ef1-bf6e-4355-a790-77c40d7493cd}</UniqueIdentifier>
    </Filter>
    <Filter Include="源文件\计算">
      <UniqueIdentifier>{1202eda1-062b-4f07-9e82-231e68fec790}</UniqueIdentifier>
    </Filter>
    <Filter Include="源文件\计算\Power">
      <UniqueIdentifier>{c5bf15a6-2589-495e-8490-d7a01143195c}</UniqueIdentifier>
    </Filter>
    <Filter Include="源文件\计算\Math">
      <UniqueIdentifier>{369d2ab9-7846-42f3-9d6a-b186fbf6d4b7}</UniqueIdentifier>
    </Filter>
    <Filter Include="头文件\Device\DevTBL">
      <UniqueIdentifier>{b8509c8a-c392-4383-8a55-f30546fdef06}</UniqueIdentifier>
    </Filter>
    <Filter Include="头文件\Device\Dev">
      <UniqueIdentifier>{b7e77b36-90dd-411e-88bd-f8503f99e439}</UniqueIdentifier>
    </Filter>
    <Filter Include="头文件\gbHead">
      <UniqueIdentifier>{b8fa7c13-ef8f-486c-a241-8671c95e979c}</UniqueIdentifier>
    </Filter>
    <Filter Include="源文件\Device\Dev">
      <UniqueIdentifier>{d2e49eb4-f298-4548-9498-6e17ad47c98c}</UniqueIdentifier>
    </Filter>
    <Filter Include="源文件\Device\DevTBL">
      <UniqueIdentifier>{55bc8598-31d4-4b06-a8db-3ea9cd6d774f}</UniqueIdentifier>
    </Filter>
    <Filter Include="源文件\Rw">
      <UniqueIdentifier>{b82ef8a4-0a87-4fb8-ba3a-2bd583e9c642}</UniqueIdentifier>
    </Filter>
    <Filter Include="头文件\Rw">
      <UniqueIdentifier>{10e1eb22-3f9c-4b29-aea0-f45bcfac8f0a}</UniqueIdentifier>
    </Filter>
    <Filter Include="头文件\Rw\Rw">
      <UniqueIdentifier>{b3ac2256-b80e-4cd1-ad20-aab53148b0cf}</UniqueIdentifier>
    </Filter>
    <Filter Include="头文件\Rw\RwMvc">
      <UniqueIdentifier>{afb7ffe2-494c-47ee-b744-61361e497467}</UniqueIdentifier>
    </Filter>
    <Filter Include="头文件\ObjBase">
      <UniqueIdentifier>{d0ac6940-f1bd-4ce4-9595-346b03e365e3}</UniqueIdentifier>
    </Filter>
    <Filter Include="源文件\ObjBase">
      <UniqueIdentifier>{5f60c055-58cd-4f9e-ad2f-ca7ba7a01815}</UniqueIdentifier>
    </Filter>
  </ItemGroup>
  <ItemGroup>
    <ClInclude Include="CMath.h">
      <Filter>头文件\计算\Math</Filter>
    </ClInclude>
    <ClInclude Include="CMath_NL.h">
      <Filter>头文件\计算\Math</Filter>
    </ClInclude>
    <ClInclude Include="CPowerCal_Tree.h">
      <Filter>头文件\计算\Power</Filter>
    </ClInclude>
    <ClInclude Include="CPowerCalculate.h">
      <Filter>头文件\计算\Power</Filter>
    </ClInclude>
    <ClInclude Include="CPowerGrid.h">
      <Filter>头文件\计算\Power</Filter>
    </ClInclude>
    <ClInclude Include="CPowerProfile.h">
      <Filter>头文件\计算\Power</Filter>
    </ClInclude>
    <ClInclude Include="CPowerSolveMvc.h">
      <Filter>头文件\计算\Power</Filter>
    </ClInclude>
    <ClInclude Include="CPowerSolves.h">
      <Filter>头文件\计算\Power</Filter>
    </ClInclude>
    <ClInclude Include="CPowerMath.h">
      <Filter>头文件\计算\Math</Filter>
    </ClInclude>
    <ClInclude Include="CMatrix.h">
      <Filter>头文件\计算\Math</Filter>
    </ClInclude>
    <ClInclude Include="CDevGrid.h">
      <Filter>头文件\Device\DevTBL</Filter>
    </ClInclude>
    <ClInclude Include="CDevTBL.h">
      <Filter>头文件\Device\DevTBL</Filter>
    </ClInclude>
    <ClInclude Include="CMyRwMvc.h">
      <Filter>头文件\Rw\RwMvc</Filter>
    </ClInclude>
    <ClInclude Include="CMyDefs.h">
      <Filter>头文件\App</Filter>
    </ClInclude>
    <ClInclude Include="CMyFunc.h">
      <Filter>头文件\App</Filter>
    </ClInclude>
    <ClInclude Include="CMyMvcs.h">
      <Filter>头文件\App</Filter>
    </ClInclude>
    <ClInclude Include="CMyParams.h">
      <Filter>头文件\App</Filter>
    </ClInclude>
    <ClInclude Include="CMyVars.h">
      <Filter>头文件\App</Filter>
    </ClInclude>
    <ClInclude Include="CMyRw.h">
      <Filter>头文件\Rw\Rw</Filter>
    </ClInclude>
    <ClInclude Include="CMyRwAdo.h">
      <Filter>头文件\Rw\Rw</Filter>
    </ClInclude>
    <ClInclude Include="CComplex.h">
      <Filter>头文件\计算\Math</Filter>
    </ClInclude>
    <ClInclude Include="CRwDev.h">
      <Filter>头文件\Rw\Rw</Filter>
    </ClInclude>
    <ClInclude Include="CDevBase.h">
      <Filter>头文件\Device\Dev</Filter>
    </ClInclude>
    <ClInclude Include="gbHead_MyType.h">
      <Filter>头文件\gbHead</Filter>
    </ClInclude>
    <ClInclude Include="gbHead_MyApp.h">
      <Filter>头文件\gbHead</Filter>
    </ClInclude>
    <ClInclude Include="CObjBase.h">
      <Filter>头文件\ObjBase</Filter>
    </ClInclude>
    <ClInclude Include="CObjGrid.h">
      <Filter>头文件\ObjBase</Filter>
    </ClInclude>
    <ClInclude Include="CObjTBL.h">
      <Filter>头文件\ObjBase</Filter>
    </ClInclude>
    <ClInclude Include="CDevTree.h">
      <Filter>头文件\Device\Dev</Filter>
    </ClInclude>
    <ClInclude Include="CCalculateBase.h">
      <Filter>头文件\计算</Filter>
    </ClInclude>
  </ItemGroup>
  <ItemGroup>
    <ClCompile Include="CMatrix.cpp">
      <Filter>源文件\计算\Math</Filter>
    </ClCompile>
    <ClCompile Include="CMath.cpp">
      <Filter>源文件\计算\Math</Filter>
    </ClCompile>
    <ClCompile Include="CMath_NL.cpp">
      <Filter>源文件\计算\Math</Filter>
    </ClCompile>
    <ClCompile Include="CMydefs.cpp">
      <Filter>源文件\App</Filter>
    </ClCompile>
    <ClCompile Include="CMyFunc.cpp">
      <Filter>源文件\App</Filter>
    </ClCompile>
    <ClCompile Include="CMyMvcs.cpp">
      <Filter>源文件\App</Filter>
    </ClCompile>
    <ClCompile Include="CMyParams.cpp">
      <Filter>源文件\App</Filter>
    </ClCompile>
    <ClCompile Include="CMyRw.cpp">
      <Filter>源文件\Rw</Filter>
    </ClCompile>
    <ClCompile Include="CMyRwAdo.cpp">
      <Filter>源文件\Rw</Filter>
    </ClCompile>
    <ClCompile Include="CMyVars.cpp">
      <Filter>源文件\App</Filter>
    </ClCompile>
    <ClCompile Include="CPowerCal_Tree.cpp">
      <Filter>源文件\计算\Power</Filter>
    </ClCompile>
    <ClCompile Include="CPowerCalculate.cpp">
      <Filter>源文件\计算\Power</Filter>
    </ClCompile>
    <ClCompile Include="CPowerGrid.cpp">
      <Filter>源文件\计算\Power</Filter>
    </ClCompile>
    <ClCompile Include="CPowerProfile.cpp">
      <Filter>源文件\计算\Power</Filter>
    </ClCompile>
    <ClCompile Include="CPowerSolveMvc.cpp">
      <Filter>源文件\计算\Power</Filter>
    </ClCompile>
    <ClCompile Include="CPowerSolves.cpp">
      <Filter>源文件\计算\Power</Filter>
    </ClCompile>
    <ClCompile Include="CMyRwMvc.cpp">
      <Filter>源文件\Rw</Filter>
    </ClCompile>
    <ClCompile Include="CPowerMath.cpp">
      <Filter>源文件\计算\Math</Filter>
    </ClCompile>
    <ClCompile Include="CDevGrid.cpp">
      <Filter>源文件\Device\DevTBL</Filter>
    </ClCompile>
    <ClCompile Include="CDevTBL.cpp">
      <Filter>源文件\Device\DevTBL</Filter>
    </ClCompile>
    <ClCompile Include="CComplex.cpp">
      <Filter>源文件\计算\Math</Filter>
    </ClCompile>
    <ClCompile Include="CRwDev.cpp">
      <Filter>源文件\Rw</Filter>
    </ClCompile>
    <ClCompile Include="CDevBase.cpp">
      <Filter>源文件\Device\Dev</Filter>
    </ClCompile>
    <ClCompile Include="CObjBase.cpp">
      <Filter>源文件\ObjBase</Filter>
    </ClCompile>
    <ClCompile Include="CObjGrid.cpp">
      <Filter>源文件\ObjBase</Filter>
    </ClCompile>
    <ClCompile Include="CObjTBL.cpp">
      <Filter>源文件\ObjBase</Filter>
    </ClCompile>
    <ClCompile Include="CDevTree.cpp">
      <Filter>源文件\Device\Dev</Filter>
    </ClCompile>
    <ClCompile Include="CCalculateBase.cpp">
      <Filter>源文件\计算\Power</Filter>
    </ClCompile>
  </ItemGroup>
</Project>