<?xml version="1.0" encoding="utf-8"?>
<Project ToolsVersion="4.0" xmlns="http://schemas.microsoft.com/developer/msbuild/2003">
  <ItemGroup>
    <Filter Include="源文件">
      <UniqueIdentifier>{4FC737F1-C7A5-4376-A066-2A32D752A2FF}</UniqueIdentifier>
      <Extensions>cpp;c;cc;cxx;def;odl;idl;hpj;bat;asm;asmx</Extensions>
    </Filter>
    <Filter Include="头文件">
      <UniqueIdentifier>{93995380-89BD-4b04-88EB-625FBE52EBFB}</UniqueIdentifier>
      <Extensions>h;hh;hpp;hxx;hm;inl;inc;xsd</Extensions>
    </Filter>
    <Filter Include="资源文件">
      <UniqueIdentifier>{67DA6AB6-F800-4c08-8B7A-83BB121AAD01}</UniqueIdentifier>
      <Extensions>rc;ico;cur;bmp;dlg;rc2;rct;bin;rgs;gif;jpg;jpeg;jpe;resx;tiff;tif;png;wav;mfcribbon-ms</Extensions>
    </Filter>
    <Filter Include="头文件\gbHead">
      <UniqueIdentifier>{b8b4a8ca-713a-422c-a604-673865f414ff}</UniqueIdentifier>
    </Filter>
    <Filter Include="头文件\App">
      <UniqueIdentifier>{77c12425-36df-4edb-8c2b-dfb6a44d80ed}</UniqueIdentifier>
    </Filter>
    <Filter Include="源文件\App">
      <UniqueIdentifier>{d6041f14-e36a-4674-a2a3-8dcb8a4fe2f5}</UniqueIdentifier>
    </Filter>
  </ItemGroup>
  <ItemGroup>
    <ClInclude Include="gbHead_Def.h">
      <Filter>头文件\gbHead</Filter>
    </ClInclude>
    <ClInclude Include="gbHead_mvc.h">
      <Filter>头文件\gbHead</Filter>
    </ClInclude>
    <ClInclude Include="CHvdcInitApp.h">
      <Filter>头文件\App</Filter>
    </ClInclude>
    <ClInclude Include="CHvdcMvcs.h">
      <Filter>头文件\App</Filter>
    </ClInclude>
    <ClInclude Include="CHvdcParams.h">
      <Filter>头文件\App</Filter>
    </ClInclude>
    <ClInclude Include="CHvdcPRJ_RwMvc.h">
      <Filter>头文件\App</Filter>
    </ClInclude>
    <ClInclude Include="CHvdcVars.h">
      <Filter>头文件\App</Filter>
    </ClInclude>
    <ClInclude Include="gbHead_App.h">
      <Filter>头文件\gbHead</Filter>
    </ClInclude>
    <ClInclude Include="gbHead_var.h">
      <Filter>头文件\gbHead</Filter>
    </ClInclude>
    <ClInclude Include="gbHead_Func.h">
      <Filter>头文件\gbHead</Filter>
    </ClInclude>
    <ClInclude Include="gbHead_params.h">
      <Filter>头文件\gbHead</Filter>
    </ClInclude>
    <ClInclude Include="gbHead_Type.h">
      <Filter>头文件\gbHead</Filter>
    </ClInclude>
    <ClInclude Include="gbHead_Main.h">
      <Filter>头文件\gbHead</Filter>
    </ClInclude>
  </ItemGroup>
  <ItemGroup>
    <ClCompile Include="Main.cpp">
      <Filter>源文件</Filter>
    </ClCompile>
    <ClCompile Include="CHvdcInitApp.cpp">
      <Filter>源文件\App</Filter>
    </ClCompile>
    <ClCompile Include="CHvdcMvcs.cpp">
      <Filter>源文件\App</Filter>
    </ClCompile>
    <ClCompile Include="CHvdcParams.cpp">
      <Filter>源文件\App</Filter>
    </ClCompile>
    <ClCompile Include="CHvdcPRJ_RwMvc.cpp">
      <Filter>源文件\App</Filter>
    </ClCompile>
    <ClCompile Include="CHvdcVars.cpp">
      <Filter>源文件\App</Filter>
    </ClCompile>
  </ItemGroup>
</Project>