
Microsoft Visual Studio Solution File, Format Version 12.00
# Visual Studio 14
VisualStudioVersion = 14.0.25420.1
MinimumVisualStudioVersion = 10.0.40219.1
Project("{8BC9CEB8-8B4A-11D0-8D11-00A0C91BC942}") = "BaseFrame", "Code\BaseFrame\BaseFrame.vcxproj", "{183A7F0E-D937-4A7C-AF4A-8406CC68CDC7}"
EndProject
Project("{8BC9CEB8-8B4A-11D0-8D11-00A0C91BC942}") = "HvdcCommon", "Code\HvdcCommon\HvdcCommon.vcxproj", "{C6D2E917-12A7-4E82-B45E-E330FD91CC7B}"
EndProject
Project("{8BC9CEB8-8B4A-11D0-8D11-00A0C91BC942}") = "HvdcProject", "Code\HvdcProject\HvdcProject.vcxproj", "{9C3D40AD-0C32-4B46-9406-3CB2BBA4D826}"
EndProject
Project("{8BC9CEB8-8B4A-11D0-8D11-00A0C91BC942}") = "mcApp", "Code\mcApp\mcApp.vcxproj", "{D9A06B70-E5E1-453E-9899-CA96433A2E8E}"
EndProject
Project("{8BC9CEB8-8B4A-11D0-8D11-00A0C91BC942}") = "xbApp", "Code\xbApp\xbApp.vcxproj", "{C5927BBC-8720-4759-840E-9988A4B1512C}"
EndProject
Project("{8BC9CEB8-8B4A-11D0-8D11-00A0C91BC942}") = "U3pApp", "Code\U3pApp\U3pApp.vcxproj", "{21B18CF2-6BFC-41EF-AB10-4AE16C888296}"
EndProject
Global
	GlobalSection(SolutionConfigurationPlatforms) = preSolution
		Debug|x64 = Debug|x64
		Debug|x86 = Debug|x86
		Release|x64 = Release|x64
		Release|x86 = Release|x86
	EndGlobalSection
	GlobalSection(ProjectConfigurationPlatforms) = postSolution
		{183A7F0E-D937-4A7C-AF4A-8406CC68CDC7}.Debug|x64.ActiveCfg = Debug|x64
		{183A7F0E-D937-4A7C-AF4A-8406CC68CDC7}.Debug|x64.Build.0 = Debug|x64
		{183A7F0E-D937-4A7C-AF4A-8406CC68CDC7}.Debug|x86.ActiveCfg = Debug|x64
		{183A7F0E-D937-4A7C-AF4A-8406CC68CDC7}.Debug|x86.Build.0 = Debug|x64
		{183A7F0E-D937-4A7C-AF4A-8406CC68CDC7}.Release|x64.ActiveCfg = Release|x64
		{183A7F0E-D937-4A7C-AF4A-8406CC68CDC7}.Release|x64.Build.0 = Release|x64
		{183A7F0E-D937-4A7C-AF4A-8406CC68CDC7}.Release|x86.ActiveCfg = Release|Win32
		{183A7F0E-D937-4A7C-AF4A-8406CC68CDC7}.Release|x86.Build.0 = Release|Win32
		{C6D2E917-12A7-4E82-B45E-E330FD91CC7B}.Debug|x64.ActiveCfg = Debug|x64
		{C6D2E917-12A7-4E82-B45E-E330FD91CC7B}.Debug|x64.Build.0 = Debug|x64
		{C6D2E917-12A7-4E82-B45E-E330FD91CC7B}.Debug|x86.ActiveCfg = Debug|x64
		{C6D2E917-12A7-4E82-B45E-E330FD91CC7B}.Debug|x86.Build.0 = Debug|x64
		{C6D2E917-12A7-4E82-B45E-E330FD91CC7B}.Release|x64.ActiveCfg = Release|x64
		{C6D2E917-12A7-4E82-B45E-E330FD91CC7B}.Release|x64.Build.0 = Release|x64
		{C6D2E917-12A7-4E82-B45E-E330FD91CC7B}.Release|x86.ActiveCfg = Release|Win32
		{C6D2E917-12A7-4E82-B45E-E330FD91CC7B}.Release|x86.Build.0 = Release|Win32
		{9C3D40AD-0C32-4B46-9406-3CB2BBA4D826}.Debug|x64.ActiveCfg = Debug|x64
		{9C3D40AD-0C32-4B46-9406-3CB2BBA4D826}.Debug|x64.Build.0 = Debug|x64
		{9C3D40AD-0C32-4B46-9406-3CB2BBA4D826}.Debug|x86.ActiveCfg = Debug|x64
		{9C3D40AD-0C32-4B46-9406-3CB2BBA4D826}.Debug|x86.Build.0 = Debug|x64
		{9C3D40AD-0C32-4B46-9406-3CB2BBA4D826}.Release|x64.ActiveCfg = Release|x64
		{9C3D40AD-0C32-4B46-9406-3CB2BBA4D826}.Release|x64.Build.0 = Release|x64
		{9C3D40AD-0C32-4B46-9406-3CB2BBA4D826}.Release|x86.ActiveCfg = Release|Win32
		{9C3D40AD-0C32-4B46-9406-3CB2BBA4D826}.Release|x86.Build.0 = Release|Win32
		{D9A06B70-E5E1-453E-9899-CA96433A2E8E}.Debug|x64.ActiveCfg = Debug|x64
		{D9A06B70-E5E1-453E-9899-CA96433A2E8E}.Debug|x64.Build.0 = Debug|x64
		{D9A06B70-E5E1-453E-9899-CA96433A2E8E}.Debug|x86.ActiveCfg = Debug|x64
		{D9A06B70-E5E1-453E-9899-CA96433A2E8E}.Debug|x86.Build.0 = Debug|x64
		{D9A06B70-E5E1-453E-9899-CA96433A2E8E}.Release|x64.ActiveCfg = Release|x64
		{D9A06B70-E5E1-453E-9899-CA96433A2E8E}.Release|x64.Build.0 = Release|x64
		{D9A06B70-E5E1-453E-9899-CA96433A2E8E}.Release|x86.ActiveCfg = Release|Win32
		{D9A06B70-E5E1-453E-9899-CA96433A2E8E}.Release|x86.Build.0 = Release|Win32
		{C5927BBC-8720-4759-840E-9988A4B1512C}.Debug|x64.ActiveCfg = Debug|x64
		{C5927BBC-8720-4759-840E-9988A4B1512C}.Debug|x64.Build.0 = Debug|x64
		{C5927BBC-8720-4759-840E-9988A4B1512C}.Debug|x86.ActiveCfg = Debug|x64
		{C5927BBC-8720-4759-840E-9988A4B1512C}.Debug|x86.Build.0 = Debug|x64
		{C5927BBC-8720-4759-840E-9988A4B1512C}.Release|x64.ActiveCfg = Release|x64
		{C5927BBC-8720-4759-840E-9988A4B1512C}.Release|x64.Build.0 = Release|x64
		{C5927BBC-8720-4759-840E-9988A4B1512C}.Release|x86.ActiveCfg = Release|Win32
		{C5927BBC-8720-4759-840E-9988A4B1512C}.Release|x86.Build.0 = Release|Win32
		{21B18CF2-6BFC-41EF-AB10-4AE16C888296}.Debug|x64.ActiveCfg = Debug|x64
		{21B18CF2-6BFC-41EF-AB10-4AE16C888296}.Debug|x64.Build.0 = Debug|x64
		{21B18CF2-6BFC-41EF-AB10-4AE16C888296}.Debug|x86.ActiveCfg = Debug|x64
		{21B18CF2-6BFC-41EF-AB10-4AE16C888296}.Debug|x86.Build.0 = Debug|x64
		{21B18CF2-6BFC-41EF-AB10-4AE16C888296}.Release|x64.ActiveCfg = Release|x64
		{21B18CF2-6BFC-41EF-AB10-4AE16C888296}.Release|x64.Build.0 = Release|x64
		{21B18CF2-6BFC-41EF-AB10-4AE16C888296}.Release|x86.ActiveCfg = Release|Win32
		{21B18CF2-6BFC-41EF-AB10-4AE16C888296}.Release|x86.Build.0 = Release|Win32
	EndGlobalSection
	GlobalSection(SolutionProperties) = preSolution
		HideSolutionNode = FALSE
	EndGlobalSection
EndGlobal
