<?xml version="1.0" encoding="utf-8"?>
<Project ToolsVersion="4.0" xmlns="http://schemas.microsoft.com/developer/msbuild/2003">
  <ItemGroup>
    <Filter Include="源文件">
      <UniqueIdentifier>{4FC737F1-C7A5-4376-A066-2A32D752A2FF}</UniqueIdentifier>
      <Extensions>cpp;c;cc;cxx;def;odl;idl;hpj;bat;asm;asmx</Extensions>
    </Filter>
    <Filter Include="头文件">
      <UniqueIdentifier>{93995380-89BD-4b04-88EB-625FBE52EBFB}</UniqueIdentifier>
      <Extensions>h;hh;hpp;hxx;hm;inl;inc;xsd</Extensions>
    </Filter>
    <Filter Include="资源文件">
      <UniqueIdentifier>{67DA6AB6-F800-4c08-8B7A-83BB121AAD01}</UniqueIdentifier>
      <Extensions>rc;ico;cur;bmp;dlg;rc2;rct;bin;rgs;gif;jpg;jpeg;jpe;resx;tiff;tif;png;wav;mfcribbon-ms</Extensions>
    </Filter>
    <Filter Include="头文件\gbHead">
      <UniqueIdentifier>{b28f0859-8cea-410b-b41c-43bef4d7e58e}</UniqueIdentifier>
    </Filter>
    <Filter Include="头文件\App">
      <UniqueIdentifier>{ab5aabf3-d3ba-44d6-9aa8-a557a432c6d7}</UniqueIdentifier>
    </Filter>
    <Filter Include="头文件\Device">
      <UniqueIdentifier>{b2a01567-b683-4206-a1ea-43f31a29fa0c}</UniqueIdentifier>
    </Filter>
    <Filter Include="头文件\计算">
      <UniqueIdentifier>{c38f3db7-2a38-4c2c-8de4-efd5d9248618}</UniqueIdentifier>
    </Filter>
    <Filter Include="头文件\计算\xb计算">
      <UniqueIdentifier>{04c4f588-28f2-4f78-872b-e4c58e46f410}</UniqueIdentifier>
    </Filter>
    <Filter Include="头文件\计算\xb计算Mvc">
      <UniqueIdentifier>{b7caa8b7-0483-4362-a2e4-a3b25e3fffac}</UniqueIdentifier>
    </Filter>
    <Filter Include="头文件\计算\xb计算组合">
      <UniqueIdentifier>{7c0c0a50-1bbd-41b6-85d8-6bc654b84d0f}</UniqueIdentifier>
    </Filter>
    <Filter Include="头文件\计算\数学计算">
      <UniqueIdentifier>{1aac774c-d90f-499c-b9f2-8874befbc7a8}</UniqueIdentifier>
    </Filter>
    <Filter Include="源文件\计算">
      <UniqueIdentifier>{2859e38a-e7ba-40b8-b6b2-aac7d102e65b}</UniqueIdentifier>
    </Filter>
    <Filter Include="源文件\计算\数学计算">
      <UniqueIdentifier>{e51db5a0-8a83-422d-b2e8-b7494ea130d5}</UniqueIdentifier>
    </Filter>
    <Filter Include="源文件\计算\xb计算">
      <UniqueIdentifier>{713e9ee3-eaea-49df-9503-e6befbe31c22}</UniqueIdentifier>
    </Filter>
    <Filter Include="源文件\计算\xb计算Mvc">
      <UniqueIdentifier>{11ee593a-1991-4df7-b2ce-963393f59b5e}</UniqueIdentifier>
    </Filter>
    <Filter Include="源文件\计算\xb计算组合">
      <UniqueIdentifier>{52b95b17-b168-487c-a2c9-a610702690f4}</UniqueIdentifier>
    </Filter>
    <Filter Include="源文件\Device">
      <UniqueIdentifier>{1f153967-4d83-4914-ac43-17f24b360c49}</UniqueIdentifier>
    </Filter>
    <Filter Include="源文件\App">
      <UniqueIdentifier>{bdd09961-5ab0-424e-9734-5f81a719e659}</UniqueIdentifier>
    </Filter>
    <Filter Include="头文件\Device\xbLineParam">
      <UniqueIdentifier>{255e5b59-d93f-4f96-840a-352fbda27e07}</UniqueIdentifier>
    </Filter>
    <Filter Include="源文件\Device\xbLineParam">
      <UniqueIdentifier>{8aeb9c6c-5ca7-4e25-835a-d20447197c12}</UniqueIdentifier>
    </Filter>
    <Filter Include="源文件\Device\DevTree">
      <UniqueIdentifier>{37bfcd66-ac92-4aaa-a5ae-19ef66e5164d}</UniqueIdentifier>
    </Filter>
    <Filter Include="源文件\Device\Dev">
      <UniqueIdentifier>{9b217c3c-25ee-4f57-afdc-e66135de1ee3}</UniqueIdentifier>
    </Filter>
    <Filter Include="源文件\Device\DevTBL">
      <UniqueIdentifier>{a7fddc98-7740-441a-9bcd-23913218ec72}</UniqueIdentifier>
    </Filter>
    <Filter Include="头文件\Device\DevTBL">
      <UniqueIdentifier>{e0c8d658-0002-4df1-8497-778bd341dfca}</UniqueIdentifier>
    </Filter>
    <Filter Include="头文件\Device\Dev">
      <UniqueIdentifier>{39def620-539e-4a97-b794-46c0b29eb177}</UniqueIdentifier>
    </Filter>
    <Filter Include="头文件\Device\DevTree">
      <UniqueIdentifier>{e14efe31-dd64-4f62-9df2-1c5816cc4a6e}</UniqueIdentifier>
    </Filter>
    <Filter Include="源文件\Rw">
      <UniqueIdentifier>{85d1ea35-ee69-41eb-b600-0f18d7895f53}</UniqueIdentifier>
    </Filter>
    <Filter Include="源文件\Rw\RwMvc">
      <UniqueIdentifier>{b4171798-c2d2-46b8-8f5f-eff95626d62a}</UniqueIdentifier>
    </Filter>
    <Filter Include="源文件\Rw\Rw">
      <UniqueIdentifier>{5b6da310-3eb4-482b-935a-f45abafa85db}</UniqueIdentifier>
    </Filter>
    <Filter Include="源文件\Rw\RwTree">
      <UniqueIdentifier>{3b395215-599c-48b7-b1c5-f2bc14fadfd2}</UniqueIdentifier>
    </Filter>
    <Filter Include="头文件\Rw">
      <UniqueIdentifier>{87bd1df7-8491-4964-b9ac-e3bd1193ca1d}</UniqueIdentifier>
    </Filter>
    <Filter Include="源文件\计算\阻抗扫描">
      <UniqueIdentifier>{3a3edbec-6028-49f1-9708-8382b6240dc9}</UniqueIdentifier>
    </Filter>
    <Filter Include="头文件\计算\阻抗扫描">
      <UniqueIdentifier>{855afa39-db2d-4c71-87c3-810117f14d13}</UniqueIdentifier>
    </Filter>
    <Filter Include="源文件\计算\lm计算Mvc">
      <UniqueIdentifier>{7caf8ce5-0b22-4745-8e76-fcd33da8a7b1}</UniqueIdentifier>
    </Filter>
    <Filter Include="头文件\计算\lm计算Mvc">
      <UniqueIdentifier>{bbd54092-6d94-48bb-b3a1-fe591f36f7d7}</UniqueIdentifier>
    </Filter>
    <Filter Include="头文件\计算\lm计算">
      <UniqueIdentifier>{f41f937e-1934-492c-9947-50775bf3af6c}</UniqueIdentifier>
    </Filter>
    <Filter Include="源文件\计算\lm计算">
      <UniqueIdentifier>{f8e24e68-5b30-4036-a961-431ed611aaab}</UniqueIdentifier>
    </Filter>
    <Filter Include="头文件\Rw\RwMvc">
      <UniqueIdentifier>{4f2c1921-f5ab-4432-9e72-7b6bcfcfa6c3}</UniqueIdentifier>
    </Filter>
    <Filter Include="头文件\Rw\Rw">
      <UniqueIdentifier>{4af13a94-350e-435f-a361-43a5e9dc8e5b}</UniqueIdentifier>
    </Filter>
    <Filter Include="头文件\Rw\RwTree">
      <UniqueIdentifier>{f50b9719-4f36-41ce-97fa-02b74e834f0e}</UniqueIdentifier>
    </Filter>
  </ItemGroup>
  <ItemGroup>
    <ClInclude Include="gbHead_xbCal.h">
      <Filter>头文件\gbHead</Filter>
    </ClInclude>
    <ClInclude Include="gbHead_xbDevice.h">
      <Filter>头文件\gbHead</Filter>
    </ClInclude>
    <ClInclude Include="gbHead_xbRw.h">
      <Filter>头文件\gbHead</Filter>
    </ClInclude>
    <ClInclude Include="CxbVars.h">
      <Filter>头文件\App</Filter>
    </ClInclude>
    <ClInclude Include="CxbParams.h">
      <Filter>头文件\App</Filter>
    </ClInclude>
    <ClInclude Include="CxbDefs.h">
      <Filter>头文件\App</Filter>
    </ClInclude>
    <ClInclude Include="CxbFunc.h">
      <Filter>头文件\App</Filter>
    </ClInclude>
    <ClInclude Include="CLU.h">
      <Filter>头文件\计算\数学计算</Filter>
    </ClInclude>
    <ClInclude Include="CRand.h">
      <Filter>头文件\计算\数学计算</Filter>
    </ClInclude>
    <ClInclude Include="Carson.h">
      <Filter>头文件\Device\xbLineParam</Filter>
    </ClInclude>
    <ClInclude Include="CLineModel.h">
      <Filter>头文件\Device\xbLineParam</Filter>
    </ClInclude>
    <ClInclude Include="CWire.h">
      <Filter>头文件\Device\xbLineParam</Filter>
    </ClInclude>
    <ClInclude Include="CxbCal3pVSrc.h">
      <Filter>头文件\计算\xb计算</Filter>
    </ClInclude>
    <ClInclude Include="CxbCalBranch.h">
      <Filter>头文件\计算\xb计算</Filter>
    </ClInclude>
    <ClInclude Include="CxbCalCouple_C.h">
      <Filter>头文件\计算\xb计算</Filter>
    </ClInclude>
    <ClInclude Include="CxbCalculate.h">
      <Filter>头文件\计算\xb计算</Filter>
    </ClInclude>
    <ClInclude Include="CxbCalDCF_RLC.h">
      <Filter>头文件\计算\xb计算</Filter>
    </ClInclude>
    <ClInclude Include="CxbCalDcLine_Seg.h">
      <Filter>头文件\计算\xb计算</Filter>
    </ClInclude>
    <ClInclude Include="CxbCalGround.h">
      <Filter>头文件\计算\xb计算</Filter>
    </ClInclude>
    <ClInclude Include="CxbCalGroundLine_Seg.h">
      <Filter>头文件\计算\xb计算</Filter>
    </ClInclude>
    <ClInclude Include="CxbCalOneDot.h">
      <Filter>头文件\计算\xb计算</Filter>
    </ClInclude>
    <ClInclude Include="CxbCalPbDkq.h">
      <Filter>头文件\计算\xb计算</Filter>
    </ClInclude>
    <ClInclude Include="CxbCalPulse_C.h">
      <Filter>头文件\计算\xb计算</Filter>
    </ClInclude>
    <ClInclude Include="CxbCalShunt.h">
      <Filter>头文件\计算\xb计算</Filter>
    </ClInclude>
    <ClInclude Include="CxbCalTwoDot.h">
      <Filter>头文件\计算\xb计算</Filter>
    </ClInclude>
    <ClInclude Include="CxbCalXf_C.h">
      <Filter>头文件\计算\xb计算</Filter>
    </ClInclude>
    <ClInclude Include="CxbCal_Tree.h">
      <Filter>头文件\计算\xb计算组合</Filter>
    </ClInclude>
    <ClInclude Include="CxbCalDcF.h">
      <Filter>头文件\计算\xb计算组合</Filter>
    </ClInclude>
    <ClInclude Include="CxbSolveMvc.h">
      <Filter>头文件\计算\xb计算Mvc</Filter>
    </ClInclude>
    <ClInclude Include="CxbSolves.h">
      <Filter>头文件\计算\xb计算Mvc</Filter>
    </ClInclude>
    <ClInclude Include="CxbOrder.h">
      <Filter>头文件\计算\xb计算Mvc</Filter>
    </ClInclude>
    <ClInclude Include="CxbProfile.h">
      <Filter>头文件\计算\xb计算Mvc</Filter>
    </ClInclude>
    <ClInclude Include="CxbResult.h">
      <Filter>头文件\计算\xb计算Mvc</Filter>
    </ClInclude>
    <ClInclude Include="CxbCalDcLine.h">
      <Filter>头文件\计算\xb计算组合</Filter>
    </ClInclude>
    <ClInclude Include="CxbCalGroundLine.h">
      <Filter>头文件\计算\xb计算组合</Filter>
    </ClInclude>
    <ClInclude Include="CxbMvcs.h">
      <Filter>头文件\App</Filter>
    </ClInclude>
    <ClInclude Include="CxbHvdcGrid.h">
      <Filter>头文件\Device\DevTBL</Filter>
    </ClInclude>
    <ClInclude Include="CxbDev_Tree.h">
      <Filter>头文件\Device\DevTree</Filter>
    </ClInclude>
    <ClInclude Include="CxbDevDCF.h">
      <Filter>头文件\Device\DevTree</Filter>
    </ClInclude>
    <ClInclude Include="CxbDevDcLine.h">
      <Filter>头文件\Device\DevTree</Filter>
    </ClInclude>
    <ClInclude Include="CxbDevGroundLine.h">
      <Filter>头文件\Device\DevTree</Filter>
    </ClInclude>
    <ClInclude Include="CxbDevMonitor.h">
      <Filter>头文件\Device\DevTree</Filter>
    </ClInclude>
    <ClInclude Include="CxbDevTrap.h">
      <Filter>头文件\Device\DevTree</Filter>
    </ClInclude>
    <ClInclude Include="CxbDev3pVSrc.h">
      <Filter>头文件\Device\Dev</Filter>
    </ClInclude>
    <ClInclude Include="CxbDevBase.h">
      <Filter>头文件\Device\Dev</Filter>
    </ClInclude>
    <ClInclude Include="CxbDevBranch.h">
      <Filter>头文件\Device\Dev</Filter>
    </ClInclude>
    <ClInclude Include="CxbDevCouple_C.h">
      <Filter>头文件\Device\Dev</Filter>
    </ClInclude>
    <ClInclude Include="CxbDevDCF_RLC.h">
      <Filter>头文件\Device\Dev</Filter>
    </ClInclude>
    <ClInclude Include="CxbDevDcLine_Seg.h">
      <Filter>头文件\Device\Dev</Filter>
    </ClInclude>
    <ClInclude Include="CxbDevGround.h">
      <Filter>头文件\Device\Dev</Filter>
    </ClInclude>
    <ClInclude Include="CxbDevGroundLine_Seg.h">
      <Filter>头文件\Device\Dev</Filter>
    </ClInclude>
    <ClInclude Include="CxbDevPbDkq.h">
      <Filter>头文件\Device\Dev</Filter>
    </ClInclude>
    <ClInclude Include="CxbDevPulse_C.h">
      <Filter>头文件\Device\Dev</Filter>
    </ClInclude>
    <ClInclude Include="CxbDevShunt.h">
      <Filter>头文件\Device\Dev</Filter>
    </ClInclude>
    <ClInclude Include="CxbDevXf_C.h">
      <Filter>头文件\Device\Dev</Filter>
    </ClInclude>
    <ClInclude Include="gbHead_xbType.h">
      <Filter>头文件\gbHead</Filter>
    </ClInclude>
    <ClInclude Include="gbHead_xbApp.h">
      <Filter>头文件\gbHead</Filter>
    </ClInclude>
    <ClInclude Include="CzkOrder.h">
      <Filter>头文件\计算\阻抗扫描</Filter>
    </ClInclude>
    <ClInclude Include="CzkProfile.h">
      <Filter>头文件\计算\阻抗扫描</Filter>
    </ClInclude>
    <ClInclude Include="CzkResult.h">
      <Filter>头文件\计算\阻抗扫描</Filter>
    </ClInclude>
    <ClInclude Include="CzkSolveMvc.h">
      <Filter>头文件\计算\阻抗扫描</Filter>
    </ClInclude>
    <ClInclude Include="CzkSolves.h">
      <Filter>头文件\计算\阻抗扫描</Filter>
    </ClInclude>
    <ClInclude Include="CxbDevTBL.h">
      <Filter>头文件\Device\DevTBL</Filter>
    </ClInclude>
    <ClInclude Include="CxbDevOne.h">
      <Filter>头文件\Device\Dev</Filter>
    </ClInclude>
    <ClInclude Include="CxbDevTwo.h">
      <Filter>头文件\Device\Dev</Filter>
    </ClInclude>
    <ClInclude Include="ClmOrder.h">
      <Filter>头文件\计算\lm计算Mvc</Filter>
    </ClInclude>
    <ClInclude Include="ClmProfile.h">
      <Filter>头文件\计算\lm计算Mvc</Filter>
    </ClInclude>
    <ClInclude Include="ClmResult.h">
      <Filter>头文件\计算\lm计算Mvc</Filter>
    </ClInclude>
    <ClInclude Include="ClmSolves.h">
      <Filter>头文件\计算\lm计算Mvc</Filter>
    </ClInclude>
    <ClInclude Include="ClmCalculate.h">
      <Filter>头文件\计算\lm计算</Filter>
    </ClInclude>
    <ClInclude Include="gbHead_lmCal.h">
      <Filter>头文件\gbHead</Filter>
    </ClInclude>
    <ClInclude Include="ClmCalDcLine_Seg.h">
      <Filter>头文件\计算\lm计算</Filter>
    </ClInclude>
    <ClInclude Include="ClmCalGroundLine_Seg.h">
      <Filter>头文件\计算\lm计算</Filter>
    </ClInclude>
    <ClInclude Include="ClmCalOneDot.h">
      <Filter>头文件\计算\lm计算</Filter>
    </ClInclude>
    <ClInclude Include="ClmCalTwoDot.h">
      <Filter>头文件\计算\lm计算</Filter>
    </ClInclude>
    <ClInclude Include="ClmSolveMvc.h">
      <Filter>头文件\计算\lm计算Mvc</Filter>
    </ClInclude>
    <ClInclude Include="CxbRw.h">
      <Filter>头文件\Rw\Rw</Filter>
    </ClInclude>
    <ClInclude Include="CxbRw3pVSrc.h">
      <Filter>头文件\Rw\Rw</Filter>
    </ClInclude>
    <ClInclude Include="CxbRwBranch.h">
      <Filter>头文件\Rw\Rw</Filter>
    </ClInclude>
    <ClInclude Include="CxbRwDCF_RLC.h">
      <Filter>头文件\Rw\Rw</Filter>
    </ClInclude>
    <ClInclude Include="CxbRwOne.h">
      <Filter>头文件\Rw\Rw</Filter>
    </ClInclude>
    <ClInclude Include="CxbRwShunt.h">
      <Filter>头文件\Rw\Rw</Filter>
    </ClInclude>
    <ClInclude Include="CxbRwTwo.h">
      <Filter>头文件\Rw\Rw</Filter>
    </ClInclude>
    <ClInclude Include="CxbRwMvc.h">
      <Filter>头文件\Rw\RwMvc</Filter>
    </ClInclude>
    <ClInclude Include="CxbRw_Tree.h">
      <Filter>头文件\Rw\RwTree</Filter>
    </ClInclude>
    <ClInclude Include="CxbRwDCF.h">
      <Filter>头文件\Rw\RwTree</Filter>
    </ClInclude>
    <ClInclude Include="CxbRwDcLine.h">
      <Filter>头文件\Rw\RwTree</Filter>
    </ClInclude>
    <ClInclude Include="CxbRwRLCs.h">
      <Filter>头文件\Rw\RwTree</Filter>
    </ClInclude>
    <ClInclude Include="CxbRwOrderMvc.h">
      <Filter>头文件\Rw\RwMvc</Filter>
    </ClInclude>
    <ClInclude Include="CxbRwResultMvc.h">
      <Filter>头文件\Rw\RwMvc</Filter>
    </ClInclude>
    <ClInclude Include="CxbRwGroundLine.h">
      <Filter>头文件\Rw\RwTree</Filter>
    </ClInclude>
    <ClInclude Include="CzkRwOrderMvc.h">
      <Filter>头文件\Rw\RwMvc</Filter>
    </ClInclude>
    <ClInclude Include="gbHead_xbMvc.h">
      <Filter>头文件\gbHead</Filter>
    </ClInclude>
    <ClInclude Include="CxbMain.h">
      <Filter>头文件\App</Filter>
    </ClInclude>
  </ItemGroup>
  <ItemGroup>
    <ClCompile Include="CxbDefs.cpp">
      <Filter>源文件\App</Filter>
    </ClCompile>
    <ClCompile Include="CxbFunc.cpp">
      <Filter>源文件\App</Filter>
    </ClCompile>
    <ClCompile Include="CxbParams.cpp">
      <Filter>源文件\App</Filter>
    </ClCompile>
    <ClCompile Include="CxbVars.cpp">
      <Filter>源文件\App</Filter>
    </ClCompile>
    <ClCompile Include="CLU.cpp">
      <Filter>源文件\计算\数学计算</Filter>
    </ClCompile>
    <ClCompile Include="CRand.cpp">
      <Filter>源文件\计算\数学计算</Filter>
    </ClCompile>
    <ClCompile Include="Carson.cpp">
      <Filter>源文件\Device\xbLineParam</Filter>
    </ClCompile>
    <ClCompile Include="CLineModel.cpp">
      <Filter>源文件\Device\xbLineParam</Filter>
    </ClCompile>
    <ClCompile Include="CWire.cpp">
      <Filter>源文件\Device\xbLineParam</Filter>
    </ClCompile>
    <ClCompile Include="CxbCal3pVSrc.cpp">
      <Filter>源文件\计算\xb计算</Filter>
    </ClCompile>
    <ClCompile Include="CxbCalBranch.cpp">
      <Filter>源文件\计算\xb计算</Filter>
    </ClCompile>
    <ClCompile Include="CxbCalCouple_C.cpp">
      <Filter>源文件\计算\xb计算</Filter>
    </ClCompile>
    <ClCompile Include="CxbCalculate.cpp">
      <Filter>源文件\计算\xb计算</Filter>
    </ClCompile>
    <ClCompile Include="CxbCalDCF_RLC.cpp">
      <Filter>源文件\计算\xb计算</Filter>
    </ClCompile>
    <ClCompile Include="CxbCalDcLine_Seg.cpp">
      <Filter>源文件\计算\xb计算</Filter>
    </ClCompile>
    <ClCompile Include="CxbCalGround.cpp">
      <Filter>源文件\计算\xb计算</Filter>
    </ClCompile>
    <ClCompile Include="CxbCalGroundLine_Seg.cpp">
      <Filter>源文件\计算\xb计算</Filter>
    </ClCompile>
    <ClCompile Include="CxbCalOneDot.cpp">
      <Filter>源文件\计算\xb计算</Filter>
    </ClCompile>
    <ClCompile Include="CxbCalPbDkq.cpp">
      <Filter>源文件\计算\xb计算</Filter>
    </ClCompile>
    <ClCompile Include="CxbCalPulse_C.cpp">
      <Filter>源文件\计算\xb计算</Filter>
    </ClCompile>
    <ClCompile Include="CxbCalShunt.cpp">
      <Filter>源文件\计算\xb计算</Filter>
    </ClCompile>
    <ClCompile Include="CxbCalTwoDot.cpp">
      <Filter>源文件\计算\xb计算</Filter>
    </ClCompile>
    <ClCompile Include="CxbCalXf_C.cpp">
      <Filter>源文件\计算\xb计算</Filter>
    </ClCompile>
    <ClCompile Include="CxbCal_Tree.cpp">
      <Filter>源文件\计算\xb计算组合</Filter>
    </ClCompile>
    <ClCompile Include="CxbCalDcF.cpp">
      <Filter>源文件\计算\xb计算组合</Filter>
    </ClCompile>
    <ClCompile Include="CxbOrder.cpp">
      <Filter>源文件\计算\xb计算Mvc</Filter>
    </ClCompile>
    <ClCompile Include="CxbProfile.cpp">
      <Filter>源文件\计算\xb计算Mvc</Filter>
    </ClCompile>
    <ClCompile Include="CxbResult.cpp">
      <Filter>源文件\计算\xb计算Mvc</Filter>
    </ClCompile>
    <ClCompile Include="CxbSolveMvc.cpp">
      <Filter>源文件\计算\xb计算Mvc</Filter>
    </ClCompile>
    <ClCompile Include="CxbSolves.cpp">
      <Filter>源文件\计算\xb计算Mvc</Filter>
    </ClCompile>
    <ClCompile Include="CxbCalDcLine.cpp">
      <Filter>源文件\计算\xb计算组合</Filter>
    </ClCompile>
    <ClCompile Include="CxbCalGroundLine.cpp">
      <Filter>源文件\计算\xb计算组合</Filter>
    </ClCompile>
    <ClCompile Include="CxbMvcs.cpp">
      <Filter>源文件\App</Filter>
    </ClCompile>
    <ClCompile Include="CxbHvdcGrid.cpp">
      <Filter>源文件\Device\DevTBL</Filter>
    </ClCompile>
    <ClCompile Include="CxbRw.cpp">
      <Filter>源文件\Rw\Rw</Filter>
    </ClCompile>
    <ClCompile Include="CxbRw3pVSrc.cpp">
      <Filter>源文件\Rw\Rw</Filter>
    </ClCompile>
    <ClCompile Include="CxbRwBranch.cpp">
      <Filter>源文件\Rw\Rw</Filter>
    </ClCompile>
    <ClCompile Include="CxbRwDCF_RLC.cpp">
      <Filter>源文件\Rw\Rw</Filter>
    </ClCompile>
    <ClCompile Include="CxbRwOne.cpp">
      <Filter>源文件\Rw\Rw</Filter>
    </ClCompile>
    <ClCompile Include="CxbRwShunt.cpp">
      <Filter>源文件\Rw\Rw</Filter>
    </ClCompile>
    <ClCompile Include="CxbRwTwo.cpp">
      <Filter>源文件\Rw\Rw</Filter>
    </ClCompile>
    <ClCompile Include="CxbRw_Tree.cpp">
      <Filter>源文件\Rw\RwTree</Filter>
    </ClCompile>
    <ClCompile Include="CxbRwDCF.cpp">
      <Filter>源文件\Rw\RwTree</Filter>
    </ClCompile>
    <ClCompile Include="CxbRwDcLine.cpp">
      <Filter>源文件\Rw\RwTree</Filter>
    </ClCompile>
    <ClCompile Include="CxbRwGroundLine.cpp">
      <Filter>源文件\Rw\RwTree</Filter>
    </ClCompile>
    <ClCompile Include="CxbRwOrderMvc.cpp">
      <Filter>源文件\Rw\RwMvc</Filter>
    </ClCompile>
    <ClCompile Include="CxbRwResultMvc.cpp">
      <Filter>源文件\Rw\RwMvc</Filter>
    </ClCompile>
    <ClCompile Include="CxbRwMvc.cpp">
      <Filter>源文件\Rw\RwMvc</Filter>
    </ClCompile>
    <ClCompile Include="CxbDevDCF.cpp">
      <Filter>源文件\Device\DevTree</Filter>
    </ClCompile>
    <ClCompile Include="CxbDev_Tree.cpp">
      <Filter>源文件\Device\DevTree</Filter>
    </ClCompile>
    <ClCompile Include="CxbDevDcLine.cpp">
      <Filter>源文件\Device\DevTree</Filter>
    </ClCompile>
    <ClCompile Include="CxbDevGroundLine.cpp">
      <Filter>源文件\Device\DevTree</Filter>
    </ClCompile>
    <ClCompile Include="CxbDevMonitor.cpp">
      <Filter>源文件\Device\DevTree</Filter>
    </ClCompile>
    <ClCompile Include="CxbDevTrap.cpp">
      <Filter>源文件\Device\DevTree</Filter>
    </ClCompile>
    <ClCompile Include="CxbDev3pVSrc.cpp">
      <Filter>源文件\Device\Dev</Filter>
    </ClCompile>
    <ClCompile Include="CxbDevBase.cpp">
      <Filter>源文件\Device\Dev</Filter>
    </ClCompile>
    <ClCompile Include="CxbDevBranch.cpp">
      <Filter>源文件\Device\Dev</Filter>
    </ClCompile>
    <ClCompile Include="CxbDevCouple_C.cpp">
      <Filter>源文件\Device\Dev</Filter>
    </ClCompile>
    <ClCompile Include="CxbDevDCF_RLC.cpp">
      <Filter>源文件\Device\Dev</Filter>
    </ClCompile>
    <ClCompile Include="CxbDevDcLine_Seg.cpp">
      <Filter>源文件\Device\Dev</Filter>
    </ClCompile>
    <ClCompile Include="CxbDevGround.cpp">
      <Filter>源文件\Device\Dev</Filter>
    </ClCompile>
    <ClCompile Include="CxbDevGroundLine_Seg.cpp">
      <Filter>源文件\Device\Dev</Filter>
    </ClCompile>
    <ClCompile Include="CxbDevPbDkq.cpp">
      <Filter>源文件\Device\Dev</Filter>
    </ClCompile>
    <ClCompile Include="CxbDevPulse_C.cpp">
      <Filter>源文件\Device\Dev</Filter>
    </ClCompile>
    <ClCompile Include="CxbDevShunt.cpp">
      <Filter>源文件\Device\Dev</Filter>
    </ClCompile>
    <ClCompile Include="CxbDevXf_C.cpp">
      <Filter>源文件\Device\Dev</Filter>
    </ClCompile>
    <ClCompile Include="CxbRwRLCs.cpp">
      <Filter>源文件\Rw\RwTree</Filter>
    </ClCompile>
    <ClCompile Include="CzkSolves.cpp">
      <Filter>源文件\计算\阻抗扫描</Filter>
    </ClCompile>
    <ClCompile Include="CzkSolveMvc.cpp">
      <Filter>源文件\计算\阻抗扫描</Filter>
    </ClCompile>
    <ClCompile Include="CzkResult.cpp">
      <Filter>源文件\计算\阻抗扫描</Filter>
    </ClCompile>
    <ClCompile Include="CzkProfile.cpp">
      <Filter>源文件\计算\阻抗扫描</Filter>
    </ClCompile>
    <ClCompile Include="CzkOrder.cpp">
      <Filter>源文件\计算\阻抗扫描</Filter>
    </ClCompile>
    <ClCompile Include="CxbDevTBL.cpp">
      <Filter>源文件\Device\DevTBL</Filter>
    </ClCompile>
    <ClCompile Include="CxbDevTwo.cpp">
      <Filter>源文件\Device\Dev</Filter>
    </ClCompile>
    <ClCompile Include="CxbDevOne.cpp">
      <Filter>源文件\Device\Dev</Filter>
    </ClCompile>
    <ClCompile Include="ClmOrder.cpp">
      <Filter>源文件\计算\lm计算Mvc</Filter>
    </ClCompile>
    <ClCompile Include="ClmProfile.cpp">
      <Filter>源文件\计算\lm计算Mvc</Filter>
    </ClCompile>
    <ClCompile Include="ClmResult.cpp">
      <Filter>源文件\计算\lm计算Mvc</Filter>
    </ClCompile>
    <ClCompile Include="ClmSolves.cpp">
      <Filter>源文件\计算\lm计算Mvc</Filter>
    </ClCompile>
    <ClCompile Include="ClmCalculate.cpp">
      <Filter>源文件\计算\lm计算</Filter>
    </ClCompile>
    <ClCompile Include="ClmCalDcLine_Seg.cpp">
      <Filter>源文件\计算\lm计算</Filter>
    </ClCompile>
    <ClCompile Include="ClmCalGroundLine_Seg.cpp">
      <Filter>源文件\计算\lm计算</Filter>
    </ClCompile>
    <ClCompile Include="ClmCalOneDot.cpp">
      <Filter>源文件\计算\lm计算</Filter>
    </ClCompile>
    <ClCompile Include="ClmCalTwoDot.cpp">
      <Filter>源文件\计算\lm计算</Filter>
    </ClCompile>
    <ClCompile Include="ClmSolveMvc.cpp">
      <Filter>源文件\计算\lm计算Mvc</Filter>
    </ClCompile>
    <ClCompile Include="CzkRwOrderMvc.cpp">
      <Filter>源文件\Rw\RwMvc</Filter>
    </ClCompile>
    <ClCompile Include="CxbMain.cpp">
      <Filter>源文件\App</Filter>
    </ClCompile>
  </ItemGroup>
</Project>