<?xml version="1.0" encoding="utf-8"?>
<Project ToolsVersion="4.0" xmlns="http://schemas.microsoft.com/developer/msbuild/2003">
  <ItemGroup>
    <Filter Include="源文件">
      <UniqueIdentifier>{4FC737F1-C7A5-4376-A066-2A32D752A2FF}</UniqueIdentifier>
      <Extensions>cpp;c;cc;cxx;def;odl;idl;hpj;bat;asm;asmx</Extensions>
    </Filter>
    <Filter Include="头文件">
      <UniqueIdentifier>{93995380-89BD-4b04-88EB-625FBE52EBFB}</UniqueIdentifier>
      <Extensions>h;hh;hpp;hxx;hm;inl;inc;xsd</Extensions>
    </Filter>
    <Filter Include="资源文件">
      <UniqueIdentifier>{67DA6AB6-F800-4c08-8B7A-83BB121AAD01}</UniqueIdentifier>
      <Extensions>rc;ico;cur;bmp;dlg;rc2;rct;bin;rgs;gif;jpg;jpeg;jpe;resx;tiff;tif;png;wav;mfcribbon-ms</Extensions>
    </Filter>
    <Filter Include="头文件\gbHeader">
      <UniqueIdentifier>{c12e5576-d26c-4221-9dbc-ebffae8a9335}</UniqueIdentifier>
    </Filter>
    <Filter Include="头文件\App">
      <UniqueIdentifier>{2dfb8be2-25d8-44c8-8bac-96c9edc89d0d}</UniqueIdentifier>
    </Filter>
    <Filter Include="头文件\Device">
      <UniqueIdentifier>{06855d02-12e2-43cc-8a2b-d6a823ab7023}</UniqueIdentifier>
    </Filter>
    <Filter Include="源文件\App">
      <UniqueIdentifier>{9cb645b1-8400-4002-b27b-f601324e14ba}</UniqueIdentifier>
    </Filter>
    <Filter Include="源文件\Device">
      <UniqueIdentifier>{61be25ac-dcb3-4e2e-80b1-57ec8eb46ff3}</UniqueIdentifier>
    </Filter>
    <Filter Include="头文件\计算">
      <UniqueIdentifier>{254ff451-e18f-45ed-9235-9dd63900139a}</UniqueIdentifier>
    </Filter>
    <Filter Include="头文件\计算\mc计算">
      <UniqueIdentifier>{df4e93be-ccb5-43cd-a3b7-6a6847313545}</UniqueIdentifier>
    </Filter>
    <Filter Include="头文件\计算\mc计算MVC">
      <UniqueIdentifier>{57fd8d5d-74e3-40d4-b480-69c801fe75b7}</UniqueIdentifier>
    </Filter>
    <Filter Include="头文件\Device\Dev">
      <UniqueIdentifier>{15c9b7a2-37cc-48fc-9a71-2a2b573d4e15}</UniqueIdentifier>
    </Filter>
    <Filter Include="头文件\Device\DevTBL">
      <UniqueIdentifier>{97ca39fc-b590-4cc2-af25-2fa81d9386cb}</UniqueIdentifier>
    </Filter>
    <Filter Include="源文件\Device\Dev">
      <UniqueIdentifier>{7b773ce5-c819-4387-b5af-f9f1f35a39dd}</UniqueIdentifier>
    </Filter>
    <Filter Include="源文件\Device\DevTBL">
      <UniqueIdentifier>{3536a877-927f-42ab-8272-fa120023ac2c}</UniqueIdentifier>
    </Filter>
    <Filter Include="源文件\计算">
      <UniqueIdentifier>{411daa5a-e93b-449f-8ddc-69fdab60aebd}</UniqueIdentifier>
    </Filter>
    <Filter Include="源文件\计算\mc计算">
      <UniqueIdentifier>{8b3f65a2-fdb7-45b1-bece-4b0453900774}</UniqueIdentifier>
    </Filter>
    <Filter Include="源文件\计算\mc计算MVC">
      <UniqueIdentifier>{21db64dd-b347-4041-9a1f-97f3149cbc56}</UniqueIdentifier>
    </Filter>
    <Filter Include="源文件\Rw">
      <UniqueIdentifier>{919d9ee1-fa24-42bf-bdf6-287743fbc401}</UniqueIdentifier>
    </Filter>
    <Filter Include="源文件\Rw\RwMvc">
      <UniqueIdentifier>{1267c272-7315-4a0f-812a-0ddf338f338d}</UniqueIdentifier>
    </Filter>
    <Filter Include="源文件\Rw\Rw">
      <UniqueIdentifier>{d7a26902-8f1c-42d9-b107-cd9e3244b95d}</UniqueIdentifier>
    </Filter>
    <Filter Include="头文件\Rw">
      <UniqueIdentifier>{e56861ac-4d0c-4b26-8505-2519ed49c319}</UniqueIdentifier>
    </Filter>
    <Filter Include="头文件\Rw\Rw">
      <UniqueIdentifier>{23c4b221-0fcc-4cd0-8496-72b97f930a9c}</UniqueIdentifier>
    </Filter>
    <Filter Include="头文件\Rw\RwMvc">
      <UniqueIdentifier>{6618d799-f47d-41a0-9379-5921198fb406}</UniqueIdentifier>
    </Filter>
  </ItemGroup>
  <ItemGroup>
    <ClInclude Include="gbHead_mcCal.h">
      <Filter>头文件\gbHeader</Filter>
    </ClInclude>
    <ClInclude Include="gbHead_mcDevice.h">
      <Filter>头文件\gbHeader</Filter>
    </ClInclude>
    <ClInclude Include="gbHead_mcRw.h">
      <Filter>头文件\gbHeader</Filter>
    </ClInclude>
    <ClInclude Include="CmcOrder.h">
      <Filter>头文件\计算\mc计算MVC</Filter>
    </ClInclude>
    <ClInclude Include="CmcProfile.h">
      <Filter>头文件\计算\mc计算MVC</Filter>
    </ClInclude>
    <ClInclude Include="CmcResult.h">
      <Filter>头文件\计算\mc计算MVC</Filter>
    </ClInclude>
    <ClInclude Include="CmcSolveMvc.h">
      <Filter>头文件\计算\mc计算MVC</Filter>
    </ClInclude>
    <ClInclude Include="CmcSolves.h">
      <Filter>头文件\计算\mc计算MVC</Filter>
    </ClInclude>
    <ClInclude Include="CmcCalAcFilter.h">
      <Filter>头文件\计算\mc计算</Filter>
    </ClInclude>
    <ClInclude Include="CmcCalAcSys.h">
      <Filter>头文件\计算\mc计算</Filter>
    </ClInclude>
    <ClInclude Include="CmcCalConvertor.h">
      <Filter>头文件\计算\mc计算</Filter>
    </ClInclude>
    <ClInclude Include="CmcCalculate.h">
      <Filter>头文件\计算\mc计算</Filter>
    </ClInclude>
    <ClInclude Include="CmcCalDcLine.h">
      <Filter>头文件\计算\mc计算</Filter>
    </ClInclude>
    <ClInclude Include="CmcCalGround.h">
      <Filter>头文件\计算\mc计算</Filter>
    </ClInclude>
    <ClInclude Include="CmcCalGroundLine.h">
      <Filter>头文件\计算\mc计算</Filter>
    </ClInclude>
    <ClInclude Include="CmcCalMetalLine.h">
      <Filter>头文件\计算\mc计算</Filter>
    </ClInclude>
    <ClInclude Include="CmcCalOneDot.h">
      <Filter>头文件\计算\mc计算</Filter>
    </ClInclude>
    <ClInclude Include="CmcCalTwoDot.h">
      <Filter>头文件\计算\mc计算</Filter>
    </ClInclude>
    <ClInclude Include="CmcCalXf2.h">
      <Filter>头文件\计算\mc计算</Filter>
    </ClInclude>
    <ClInclude Include="CmcDefs.h">
      <Filter>头文件\App</Filter>
    </ClInclude>
    <ClInclude Include="CmcVars.h">
      <Filter>头文件\App</Filter>
    </ClInclude>
    <ClInclude Include="CmcFunc.h">
      <Filter>头文件\App</Filter>
    </ClInclude>
    <ClInclude Include="CmcParams.h">
      <Filter>头文件\App</Filter>
    </ClInclude>
    <ClInclude Include="CmcMvcs.h">
      <Filter>头文件\App</Filter>
    </ClInclude>
    <ClInclude Include="CmcHvdcGrid.h">
      <Filter>头文件\Device\DevTBL</Filter>
    </ClInclude>
    <ClInclude Include="CmcRw.h">
      <Filter>头文件\Rw\Rw</Filter>
    </ClInclude>
    <ClInclude Include="CmcRwAcfilter.h">
      <Filter>头文件\Rw\Rw</Filter>
    </ClInclude>
    <ClInclude Include="CmcRwAcSys.h">
      <Filter>头文件\Rw\Rw</Filter>
    </ClInclude>
    <ClInclude Include="CmcRwBranch.h">
      <Filter>头文件\Rw\Rw</Filter>
    </ClInclude>
    <ClInclude Include="CmcRwConvertor.h">
      <Filter>头文件\Rw\Rw</Filter>
    </ClInclude>
    <ClInclude Include="CmcRwDcLine.h">
      <Filter>头文件\Rw\Rw</Filter>
    </ClInclude>
    <ClInclude Include="CmcRwGround.h">
      <Filter>头文件\Rw\Rw</Filter>
    </ClInclude>
    <ClInclude Include="CmcRwGroundLine.h">
      <Filter>头文件\Rw\Rw</Filter>
    </ClInclude>
    <ClInclude Include="CmcRwMetalLine.h">
      <Filter>头文件\Rw\Rw</Filter>
    </ClInclude>
    <ClInclude Include="CmcRwOne.h">
      <Filter>头文件\Rw\Rw</Filter>
    </ClInclude>
    <ClInclude Include="CmcRwShunt.h">
      <Filter>头文件\Rw\Rw</Filter>
    </ClInclude>
    <ClInclude Include="CmcRwTwo.h">
      <Filter>头文件\Rw\Rw</Filter>
    </ClInclude>
    <ClInclude Include="CmcRwXf2.h">
      <Filter>头文件\Rw\Rw</Filter>
    </ClInclude>
    <ClInclude Include="CmcRwMvc.h">
      <Filter>头文件\Rw\RwMvc</Filter>
    </ClInclude>
    <ClInclude Include="CmcDevAcFilter.h">
      <Filter>头文件\Device\Dev</Filter>
    </ClInclude>
    <ClInclude Include="CmcDevAcSys.h">
      <Filter>头文件\Device\Dev</Filter>
    </ClInclude>
    <ClInclude Include="CmcDevBase.h">
      <Filter>头文件\Device\Dev</Filter>
    </ClInclude>
    <ClInclude Include="CmcDevBranch.h">
      <Filter>头文件\Device\Dev</Filter>
    </ClInclude>
    <ClInclude Include="CmcDevConvertor.h">
      <Filter>头文件\Device\Dev</Filter>
    </ClInclude>
    <ClInclude Include="CmcDevDcLine.h">
      <Filter>头文件\Device\Dev</Filter>
    </ClInclude>
    <ClInclude Include="CmcDevGround.h">
      <Filter>头文件\Device\Dev</Filter>
    </ClInclude>
    <ClInclude Include="CmcDevGroundLine.h">
      <Filter>头文件\Device\Dev</Filter>
    </ClInclude>
    <ClInclude Include="CmcDevMetalLine.h">
      <Filter>头文件\Device\Dev</Filter>
    </ClInclude>
    <ClInclude Include="CmcDevShunt.h">
      <Filter>头文件\Device\Dev</Filter>
    </ClInclude>
    <ClInclude Include="CmcDevXf2.h">
      <Filter>头文件\Device\Dev</Filter>
    </ClInclude>
    <ClInclude Include="CmcRwOrderMvc.h">
      <Filter>头文件\Rw\RwMvc</Filter>
    </ClInclude>
    <ClInclude Include="CmcRwResultMvc.h">
      <Filter>头文件\Rw\RwMvc</Filter>
    </ClInclude>
    <ClInclude Include="gbHead_mcType.h">
      <Filter>头文件\gbHeader</Filter>
    </ClInclude>
    <ClInclude Include="gbHead_mcApp.h">
      <Filter>头文件\gbHeader</Filter>
    </ClInclude>
    <ClInclude Include="CmcSolvesNormal.h">
      <Filter>头文件\计算\mc计算MVC</Filter>
    </ClInclude>
    <ClInclude Include="CmcDevTBL.h">
      <Filter>头文件\Device\DevTBL</Filter>
    </ClInclude>
    <ClInclude Include="CmcDevOne.h">
      <Filter>头文件\Device\Dev</Filter>
    </ClInclude>
    <ClInclude Include="CmcDevTwo.h">
      <Filter>头文件\Device\Dev</Filter>
    </ClInclude>
    <ClInclude Include="CmcMain.h">
      <Filter>头文件\App</Filter>
    </ClInclude>
    <ClInclude Include="gbHead_mcMvc.h">
      <Filter>头文件\gbHeader</Filter>
    </ClInclude>
  </ItemGroup>
  <ItemGroup>
    <ClCompile Include="CmcCalOneDot.cpp">
      <Filter>源文件\计算\mc计算</Filter>
    </ClCompile>
    <ClCompile Include="CmcCalTwoDot.cpp">
      <Filter>源文件\计算\mc计算</Filter>
    </ClCompile>
    <ClCompile Include="CmcCalXf2.cpp">
      <Filter>源文件\计算\mc计算</Filter>
    </ClCompile>
    <ClCompile Include="CmcCalAcFilter.cpp">
      <Filter>源文件\计算\mc计算</Filter>
    </ClCompile>
    <ClCompile Include="CmcCalAcSys.cpp">
      <Filter>源文件\计算\mc计算</Filter>
    </ClCompile>
    <ClCompile Include="CmcCalConvertor.cpp">
      <Filter>源文件\计算\mc计算</Filter>
    </ClCompile>
    <ClCompile Include="CmcCalculate.cpp">
      <Filter>源文件\计算\mc计算</Filter>
    </ClCompile>
    <ClCompile Include="CmcCalDcLine.cpp">
      <Filter>源文件\计算\mc计算</Filter>
    </ClCompile>
    <ClCompile Include="CmcCalGround.cpp">
      <Filter>源文件\计算\mc计算</Filter>
    </ClCompile>
    <ClCompile Include="CmcCalGroundLine.cpp">
      <Filter>源文件\计算\mc计算</Filter>
    </ClCompile>
    <ClCompile Include="CmcCalMetalLine.cpp">
      <Filter>源文件\计算\mc计算</Filter>
    </ClCompile>
    <ClCompile Include="CmcOrder.cpp">
      <Filter>源文件\计算\mc计算MVC</Filter>
    </ClCompile>
    <ClCompile Include="CmcProfile.cpp">
      <Filter>源文件\计算\mc计算MVC</Filter>
    </ClCompile>
    <ClCompile Include="CmcResult.cpp">
      <Filter>源文件\计算\mc计算MVC</Filter>
    </ClCompile>
    <ClCompile Include="CmcSolves.cpp">
      <Filter>源文件\计算\mc计算MVC</Filter>
    </ClCompile>
    <ClCompile Include="CmcSolveMvc.cpp">
      <Filter>源文件\计算\mc计算MVC</Filter>
    </ClCompile>
    <ClCompile Include="CmcVars.cpp">
      <Filter>源文件\App</Filter>
    </ClCompile>
    <ClCompile Include="CmcFunc.cpp">
      <Filter>源文件\App</Filter>
    </ClCompile>
    <ClCompile Include="CmcParams.cpp">
      <Filter>源文件\App</Filter>
    </ClCompile>
    <ClCompile Include="CmcMvcs.cpp">
      <Filter>源文件\App</Filter>
    </ClCompile>
    <ClCompile Include="CmcHvdcGrid.cpp">
      <Filter>源文件\Device\DevTBL</Filter>
    </ClCompile>
    <ClCompile Include="CmcDevAcFilter.cpp">
      <Filter>源文件\Device\Dev</Filter>
    </ClCompile>
    <ClCompile Include="CmcDevAcSys.cpp">
      <Filter>源文件\Device\Dev</Filter>
    </ClCompile>
    <ClCompile Include="CmcDevBase.cpp">
      <Filter>源文件\Device\Dev</Filter>
    </ClCompile>
    <ClCompile Include="CmcDevBranch.cpp">
      <Filter>源文件\Device\Dev</Filter>
    </ClCompile>
    <ClCompile Include="CmcDevConvertor.cpp">
      <Filter>源文件\Device\Dev</Filter>
    </ClCompile>
    <ClCompile Include="CmcDevDcLine.cpp">
      <Filter>源文件\Device\Dev</Filter>
    </ClCompile>
    <ClCompile Include="CmcDevGround.cpp">
      <Filter>源文件\Device\Dev</Filter>
    </ClCompile>
    <ClCompile Include="CmcDevGroundLine.cpp">
      <Filter>源文件\Device\Dev</Filter>
    </ClCompile>
    <ClCompile Include="CmcDevMetalLine.cpp">
      <Filter>源文件\Device\Dev</Filter>
    </ClCompile>
    <ClCompile Include="CmcDevShunt.cpp">
      <Filter>源文件\Device\Dev</Filter>
    </ClCompile>
    <ClCompile Include="CmcDevXf2.cpp">
      <Filter>源文件\Device\Dev</Filter>
    </ClCompile>
    <ClCompile Include="CmcRwMvc.cpp">
      <Filter>源文件\Rw\RwMvc</Filter>
    </ClCompile>
    <ClCompile Include="CmcRw.cpp">
      <Filter>源文件\Rw\Rw</Filter>
    </ClCompile>
    <ClCompile Include="CmcRwAcfilter.cpp">
      <Filter>源文件\Rw\Rw</Filter>
    </ClCompile>
    <ClCompile Include="CmcRwAcSys.cpp">
      <Filter>源文件\Rw\Rw</Filter>
    </ClCompile>
    <ClCompile Include="CmcRwBranch.cpp">
      <Filter>源文件\Rw\Rw</Filter>
    </ClCompile>
    <ClCompile Include="CmcRwConvertor.cpp">
      <Filter>源文件\Rw\Rw</Filter>
    </ClCompile>
    <ClCompile Include="CmcRwDcLine.cpp">
      <Filter>源文件\Rw\Rw</Filter>
    </ClCompile>
    <ClCompile Include="CmcRwGround.cpp">
      <Filter>源文件\Rw\Rw</Filter>
    </ClCompile>
    <ClCompile Include="CmcRwGroundLine.cpp">
      <Filter>源文件\Rw\Rw</Filter>
    </ClCompile>
    <ClCompile Include="CmcRwMetalLine.cpp">
      <Filter>源文件\Rw\Rw</Filter>
    </ClCompile>
    <ClCompile Include="CmcRwOne.cpp">
      <Filter>源文件\Rw\Rw</Filter>
    </ClCompile>
    <ClCompile Include="CmcRwShunt.cpp">
      <Filter>源文件\Rw\Rw</Filter>
    </ClCompile>
    <ClCompile Include="CmcRwTwo.cpp">
      <Filter>源文件\Rw\Rw</Filter>
    </ClCompile>
    <ClCompile Include="CmcRwXf2.cpp">
      <Filter>源文件\Rw\Rw</Filter>
    </ClCompile>
    <ClCompile Include="CmcRwOrderMvc.cpp">
      <Filter>源文件\Rw\RwMvc</Filter>
    </ClCompile>
    <ClCompile Include="CmcRwResultMvc.cpp">
      <Filter>源文件\Rw\RwMvc</Filter>
    </ClCompile>
    <ClCompile Include="CmcSolvesNormal.cpp">
      <Filter>源文件\计算\mc计算MVC</Filter>
    </ClCompile>
    <ClCompile Include="CmcDevTBL.cpp">
      <Filter>源文件\Device\DevTBL</Filter>
    </ClCompile>
    <ClCompile Include="CmcDevOne.cpp">
      <Filter>源文件\Device\Dev</Filter>
    </ClCompile>
    <ClCompile Include="CmcDevTwo.cpp">
      <Filter>源文件\Device\Dev</Filter>
    </ClCompile>
    <ClCompile Include="CmcMain.cpp">
      <Filter>源文件\App</Filter>
    </ClCompile>
  </ItemGroup>
</Project>