<?xml version="1.0" encoding="utf-8"?>
<Project ToolsVersion="4.0" xmlns="http://schemas.microsoft.com/developer/msbuild/2003">
  <ItemGroup>
    <Filter Include="源文件">
      <UniqueIdentifier>{4FC737F1-C7A5-4376-A066-2A32D752A2FF}</UniqueIdentifier>
      <Extensions>cpp;c;cc;cxx;def;odl;idl;hpj;bat;asm;asmx</Extensions>
    </Filter>
    <Filter Include="头文件">
      <UniqueIdentifier>{93995380-89BD-4b04-88EB-625FBE52EBFB}</UniqueIdentifier>
      <Extensions>h;hh;hpp;hxx;hm;inl;inc;xsd</Extensions>
    </Filter>
    <Filter Include="资源文件">
      <UniqueIdentifier>{67DA6AB6-F800-4c08-8B7A-83BB121AAD01}</UniqueIdentifier>
      <Extensions>rc;ico;cur;bmp;dlg;rc2;rct;bin;rgs;gif;jpg;jpeg;jpe;resx;tiff;tif;png;wav;mfcribbon-ms</Extensions>
    </Filter>
    <Filter Include="头文件\App">
      <UniqueIdentifier>{6f5104bc-2892-4716-88ef-f369f1d0e0f5}</UniqueIdentifier>
    </Filter>
    <Filter Include="头文件\Device">
      <UniqueIdentifier>{d047082e-ae3e-49a1-b82c-0a0f53ea206e}</UniqueIdentifier>
    </Filter>
    <Filter Include="头文件\Rw">
      <UniqueIdentifier>{5a92987a-8859-4f6c-978c-d2efb009a4f9}</UniqueIdentifier>
    </Filter>
    <Filter Include="头文件\Device\Dev">
      <UniqueIdentifier>{83437d34-eb8b-40fb-a8e2-e1cea17ab9ff}</UniqueIdentifier>
    </Filter>
    <Filter Include="头文件\Device\DevTBL">
      <UniqueIdentifier>{88dd0b1f-da4e-4765-940d-3cd01c0388b6}</UniqueIdentifier>
    </Filter>
    <Filter Include="头文件\计算">
      <UniqueIdentifier>{5538a1d0-2789-49b0-b488-0adbd3b6e949}</UniqueIdentifier>
    </Filter>
    <Filter Include="头文件\计算\数学计算">
      <UniqueIdentifier>{53d91c2b-2363-442a-9196-adbc06b24e80}</UniqueIdentifier>
    </Filter>
    <Filter Include="源文件\App">
      <UniqueIdentifier>{30ac3836-ebf8-4b78-ba6e-ea86a819b28d}</UniqueIdentifier>
    </Filter>
    <Filter Include="源文件\Device">
      <UniqueIdentifier>{bbd2e7ea-f587-4c0e-9683-d2afe5ae2b7f}</UniqueIdentifier>
    </Filter>
    <Filter Include="源文件\Device\Dev">
      <UniqueIdentifier>{233a192b-46d8-43bc-b209-0f8787433e47}</UniqueIdentifier>
    </Filter>
    <Filter Include="源文件\Device\DevTBL">
      <UniqueIdentifier>{ee086f72-1ffc-4cb0-bfc7-c187428f5adc}</UniqueIdentifier>
    </Filter>
    <Filter Include="源文件\Rw">
      <UniqueIdentifier>{83ffb559-d487-4430-9fb2-42f11cbe8495}</UniqueIdentifier>
    </Filter>
    <Filter Include="源文件\计算">
      <UniqueIdentifier>{21983f3f-2fe6-4d75-9bb2-1d24fd05def5}</UniqueIdentifier>
    </Filter>
    <Filter Include="源文件\计算\数学计算">
      <UniqueIdentifier>{cccee27b-d143-42e0-bcee-468c4ca5227f}</UniqueIdentifier>
    </Filter>
    <Filter Include="头文件\gbHead">
      <UniqueIdentifier>{4e1876cb-d371-48b2-b002-d5e567bf474b}</UniqueIdentifier>
    </Filter>
    <Filter Include="源文件\Rw\RwMvc">
      <UniqueIdentifier>{6c0dac0b-f1dc-4673-9d8d-b2c7a76c9196}</UniqueIdentifier>
    </Filter>
    <Filter Include="源文件\Rw\Rw">
      <UniqueIdentifier>{d78f7bdf-0fd1-4cd5-a288-fa864ef37146}</UniqueIdentifier>
    </Filter>
    <Filter Include="头文件\Rw\Rw">
      <UniqueIdentifier>{b794a7ce-0aae-445f-b434-557f6048dca0}</UniqueIdentifier>
    </Filter>
    <Filter Include="头文件\Rw\RwMvc">
      <UniqueIdentifier>{f2c08c81-3318-4f93-8ced-fdac0542206f}</UniqueIdentifier>
    </Filter>
    <Filter Include="头文件\计算\3p计算">
      <UniqueIdentifier>{41e0f690-20fc-4cb6-a341-43f7c2995dbe}</UniqueIdentifier>
    </Filter>
    <Filter Include="头文件\计算\3p计算Mvc">
      <UniqueIdentifier>{3a8e6f27-080d-4944-a060-40d9960be9fd}</UniqueIdentifier>
    </Filter>
    <Filter Include="源文件\计算\3p计算Mvc">
      <UniqueIdentifier>{fedfc086-dbd3-4e06-a7e3-2085703ab5bb}</UniqueIdentifier>
    </Filter>
    <Filter Include="源文件\计算\3p计算">
      <UniqueIdentifier>{65107aad-f7f2-4aef-afde-9c82e5558b5c}</UniqueIdentifier>
    </Filter>
  </ItemGroup>
  <ItemGroup>
    <ClInclude Include="U3p.h">
      <Filter>头文件\计算\3p计算Mvc</Filter>
    </ClInclude>
    <ClInclude Include="C3pDevTBL.h">
      <Filter>头文件\Device\DevTBL</Filter>
    </ClInclude>
    <ClInclude Include="C3pDevGrid.h">
      <Filter>头文件\Device\DevTBL</Filter>
    </ClInclude>
    <ClInclude Include="C3pDefs.h">
      <Filter>头文件\App</Filter>
    </ClInclude>
    <ClInclude Include="C3pFunc.h">
      <Filter>头文件\App</Filter>
    </ClInclude>
    <ClInclude Include="C3pDevAcSys.h">
      <Filter>头文件\Device\Dev</Filter>
    </ClInclude>
    <ClInclude Include="C3pDevConvertor.h">
      <Filter>头文件\Device\Dev</Filter>
    </ClInclude>
    <ClInclude Include="C3pDevXf2.h">
      <Filter>头文件\Device\Dev</Filter>
    </ClInclude>
    <ClInclude Include="gbHead_3pDevice.h">
      <Filter>头文件\gbHead</Filter>
    </ClInclude>
    <ClInclude Include="C3pDevBase.h">
      <Filter>头文件\Device\Dev</Filter>
    </ClInclude>
    <ClInclude Include="C3pDevOne.h">
      <Filter>头文件\Device\Dev</Filter>
    </ClInclude>
    <ClInclude Include="C3pDevTwo.h">
      <Filter>头文件\Device\Dev</Filter>
    </ClInclude>
    <ClInclude Include="C3pDevVSrc.h">
      <Filter>头文件\Device\Dev</Filter>
    </ClInclude>
    <ClInclude Include="C3pVars.h">
      <Filter>头文件\App</Filter>
    </ClInclude>
    <ClInclude Include="C3pParams.h">
      <Filter>头文件\App</Filter>
    </ClInclude>
    <ClInclude Include="C3pMvcs.h">
      <Filter>头文件\App</Filter>
    </ClInclude>
    <ClInclude Include="C3pRw.h">
      <Filter>头文件\Rw\Rw</Filter>
    </ClInclude>
    <ClInclude Include="C3pRwAcSys.h">
      <Filter>头文件\Rw\Rw</Filter>
    </ClInclude>
    <ClInclude Include="C3pRwConvertor.h">
      <Filter>头文件\Rw\Rw</Filter>
    </ClInclude>
    <ClInclude Include="C3pRwOne.h">
      <Filter>头文件\Rw\Rw</Filter>
    </ClInclude>
    <ClInclude Include="C3pRwTwo.h">
      <Filter>头文件\Rw\Rw</Filter>
    </ClInclude>
    <ClInclude Include="C3pRwVsrc.h">
      <Filter>头文件\Rw\Rw</Filter>
    </ClInclude>
    <ClInclude Include="C3pRwXf2.h">
      <Filter>头文件\Rw\Rw</Filter>
    </ClInclude>
    <ClInclude Include="C3pRwMvc.h">
      <Filter>头文件\Rw\RwMvc</Filter>
    </ClInclude>
    <ClInclude Include="gbHead_3pRw.h">
      <Filter>头文件\gbHead</Filter>
    </ClInclude>
    <ClInclude Include="gbHead_3pCal.h">
      <Filter>头文件\gbHead</Filter>
    </ClInclude>
    <ClInclude Include="C3pRwOrderMvc.h">
      <Filter>头文件\Rw\RwMvc</Filter>
    </ClInclude>
    <ClInclude Include="C3pCalXf2.h">
      <Filter>头文件\计算\3p计算</Filter>
    </ClInclude>
    <ClInclude Include="C3pCalTwo.h">
      <Filter>头文件\计算\3p计算</Filter>
    </ClInclude>
    <ClInclude Include="C3pCalOne.h">
      <Filter>头文件\计算\3p计算</Filter>
    </ClInclude>
    <ClInclude Include="C3pCalConvertor.h">
      <Filter>头文件\计算\3p计算</Filter>
    </ClInclude>
    <ClInclude Include="C3pCalAcSys.h">
      <Filter>头文件\计算\3p计算</Filter>
    </ClInclude>
    <ClInclude Include="C3pOrder.h">
      <Filter>头文件\计算\3p计算Mvc</Filter>
    </ClInclude>
    <ClInclude Include="C3pProfile.h">
      <Filter>头文件\计算\3p计算Mvc</Filter>
    </ClInclude>
    <ClInclude Include="C3pResult.h">
      <Filter>头文件\计算\3p计算Mvc</Filter>
    </ClInclude>
    <ClInclude Include="C3pSolveMvc.h">
      <Filter>头文件\计算\3p计算Mvc</Filter>
    </ClInclude>
    <ClInclude Include="C3pSolves.h">
      <Filter>头文件\计算\3p计算Mvc</Filter>
    </ClInclude>
    <ClInclude Include="C3pCalculate.h">
      <Filter>头文件\计算\3p计算</Filter>
    </ClInclude>
    <ClInclude Include="gbHead_3ptype.h">
      <Filter>头文件\gbHead</Filter>
    </ClInclude>
    <ClInclude Include="gbHead_3pApp.h">
      <Filter>头文件\gbHead</Filter>
    </ClInclude>
    <ClInclude Include="gbHead_3pMvc.h">
      <Filter>头文件\gbHead</Filter>
    </ClInclude>
    <ClInclude Include="C3pMain.h">
      <Filter>头文件\App</Filter>
    </ClInclude>
    <ClInclude Include="CIntergral.h">
      <Filter>头文件\计算\数学计算</Filter>
    </ClInclude>
    <ClInclude Include="C3pCalSModeData.h">
      <Filter>头文件\计算\3p计算</Filter>
    </ClInclude>
    <ClInclude Include="C3pDevSModeData.h">
      <Filter>头文件\Device\Dev</Filter>
    </ClInclude>
    <ClInclude Include="C3pCaseList.h">
      <Filter>头文件\Device</Filter>
    </ClInclude>
    <ClInclude Include="C3pCase.h">
      <Filter>头文件\Device</Filter>
    </ClInclude>
    <ClInclude Include="C3pRwStaData.h">
      <Filter>头文件\Rw\Rw</Filter>
    </ClInclude>
    <ClInclude Include="C3pDevStaData.h">
      <Filter>头文件\Device\Dev</Filter>
    </ClInclude>
    <ClInclude Include="C3pCalStaData.h">
      <Filter>头文件\计算\3p计算</Filter>
    </ClInclude>
  </ItemGroup>
  <ItemGroup>
    <ClCompile Include="U3p.cpp">
      <Filter>源文件\计算\3p计算Mvc</Filter>
    </ClCompile>
    <ClCompile Include="C3pDevGrid.cpp">
      <Filter>源文件\Device\DevTBL</Filter>
    </ClCompile>
    <ClCompile Include="C3pDevTBL.cpp">
      <Filter>源文件\Device\DevTBL</Filter>
    </ClCompile>
    <ClCompile Include="C3pFunc.cpp">
      <Filter>源文件\App</Filter>
    </ClCompile>
    <ClCompile Include="C3pDevAcSys.cpp">
      <Filter>源文件\Device\Dev</Filter>
    </ClCompile>
    <ClCompile Include="C3pDevConvertor.cpp">
      <Filter>源文件\Device\Dev</Filter>
    </ClCompile>
    <ClCompile Include="C3pDevXf2.cpp">
      <Filter>源文件\Device\Dev</Filter>
    </ClCompile>
    <ClCompile Include="C3pDevBase.cpp">
      <Filter>源文件\Device\Dev</Filter>
    </ClCompile>
    <ClCompile Include="C3pDevOne.cpp">
      <Filter>源文件\Device\Dev</Filter>
    </ClCompile>
    <ClCompile Include="C3pDevTwo.cpp">
      <Filter>源文件\Device\Dev</Filter>
    </ClCompile>
    <ClCompile Include="C3pDevVSrc.cpp">
      <Filter>源文件\Device\Dev</Filter>
    </ClCompile>
    <ClCompile Include="C3pRw.cpp">
      <Filter>源文件\Rw\Rw</Filter>
    </ClCompile>
    <ClCompile Include="C3pRwAcSys.cpp">
      <Filter>源文件\Rw\Rw</Filter>
    </ClCompile>
    <ClCompile Include="C3pRwConvertor.cpp">
      <Filter>源文件\Rw\Rw</Filter>
    </ClCompile>
    <ClCompile Include="C3pRwOne.cpp">
      <Filter>源文件\Rw\Rw</Filter>
    </ClCompile>
    <ClCompile Include="C3pRwTwo.cpp">
      <Filter>源文件\Rw\Rw</Filter>
    </ClCompile>
    <ClCompile Include="C3pRwVsrc.cpp">
      <Filter>源文件\Rw\Rw</Filter>
    </ClCompile>
    <ClCompile Include="C3pRwXf2.cpp">
      <Filter>源文件\Rw\Rw</Filter>
    </ClCompile>
    <ClCompile Include="C3pRwMvc.cpp">
      <Filter>源文件\Rw\RwMvc</Filter>
    </ClCompile>
    <ClCompile Include="C3pMvcs.cpp">
      <Filter>源文件\App</Filter>
    </ClCompile>
    <ClCompile Include="C3pParams.cpp">
      <Filter>源文件\App</Filter>
    </ClCompile>
    <ClCompile Include="C3pVars.cpp">
      <Filter>源文件\App</Filter>
    </ClCompile>
    <ClCompile Include="C3pRwOrderMvc.cpp">
      <Filter>源文件\Rw\RwMvc</Filter>
    </ClCompile>
    <ClCompile Include="C3pCalXf2.cpp">
      <Filter>源文件\计算\3p计算</Filter>
    </ClCompile>
    <ClCompile Include="C3pCalConvertor.cpp">
      <Filter>源文件\计算\3p计算</Filter>
    </ClCompile>
    <ClCompile Include="C3pCalAcSys.cpp">
      <Filter>源文件\计算\3p计算</Filter>
    </ClCompile>
    <ClCompile Include="C3pCalTwo.cpp">
      <Filter>源文件\计算\3p计算</Filter>
    </ClCompile>
    <ClCompile Include="C3pCalculate.cpp">
      <Filter>源文件\计算\3p计算</Filter>
    </ClCompile>
    <ClCompile Include="C3pSolveMvc.cpp">
      <Filter>源文件\计算\3p计算Mvc</Filter>
    </ClCompile>
    <ClCompile Include="C3pSolves.cpp">
      <Filter>源文件\计算\3p计算Mvc</Filter>
    </ClCompile>
    <ClCompile Include="C3pProfile.cpp">
      <Filter>源文件\计算\3p计算Mvc</Filter>
    </ClCompile>
    <ClCompile Include="C3pResult.cpp">
      <Filter>源文件\计算\3p计算Mvc</Filter>
    </ClCompile>
    <ClCompile Include="C3pCalOne.cpp">
      <Filter>源文件\计算\3p计算</Filter>
    </ClCompile>
    <ClCompile Include="C3pOrder.cpp">
      <Filter>源文件\计算\3p计算Mvc</Filter>
    </ClCompile>
    <ClCompile Include="C3pMain.cpp">
      <Filter>源文件\App</Filter>
    </ClCompile>
    <ClCompile Include="CIntergral.cpp">
      <Filter>源文件\计算\数学计算</Filter>
    </ClCompile>
    <ClCompile Include="C3pCalSModeData.cpp">
      <Filter>源文件\计算\3p计算</Filter>
    </ClCompile>
    <ClCompile Include="C3pDevSModeData.cpp">
      <Filter>源文件\Device\Dev</Filter>
    </ClCompile>
    <ClCompile Include="C3pCaseList.cpp">
      <Filter>源文件\Device</Filter>
    </ClCompile>
    <ClCompile Include="C3pCase.cpp">
      <Filter>源文件\Device</Filter>
    </ClCompile>
    <ClCompile Include="C3pRwStaData.cpp">
      <Filter>源文件\Rw\Rw</Filter>
    </ClCompile>
    <ClCompile Include="C3pDevStaData.cpp">
      <Filter>源文件\Device\Dev</Filter>
    </ClCompile>
    <ClCompile Include="C3pCalStaData.cpp">
      <Filter>源文件\计算\3p计算</Filter>
    </ClCompile>
  </ItemGroup>
</Project>